
Microsoft Visual Studio Solution File, Format Version 12.00
# Visual Studio Version 17
VisualStudioVersion = 17.5.33414.496
MinimumVisualStudioVersion = 10.0.40219.1
Project("{FAE04EC0-301F-11D3-BF4B-00C04F79EFBC}") = "TP_MOD4_KPL_1302210044_RPW", "TP_MOD4_KPL_1302210044_RPW\TP_MOD4_KPL_1302210044_RPW.csproj", "{0F0D9530-5FE5-436D-89F4-1293AFE6268B}"
EndProject
Global
	GlobalSection(SolutionConfigurationPlatforms) = preSolution
		Debug|Any CPU = Debug|Any CPU
		Release|Any CPU = Release|Any CPU
	EndGlobalSection
	GlobalSection(ProjectConfigurationPlatforms) = postSolution
		{0F0D9530-5FE5-436D-89F4-1293AFE6268B}.Debug|Any CPU.ActiveCfg = Debug|Any CPU
		{0F0D9530-5FE5-436D-89F4-1293AFE6268B}.Debug|Any CPU.Build.0 = Debug|Any CPU
		{0F0D9530-5FE5-436D-89F4-1293AFE6268B}.Release|Any CPU.ActiveCfg = Release|Any CPU
		{0F0D9530-5FE5-436D-89F4-1293AFE6268B}.Release|Any CPU.Build.0 = Release|Any CPU
	EndGlobalSection
	GlobalSection(SolutionProperties) = preSolution
		HideSolutionNode = FALSE
	EndGlobalSection
	GlobalSection(ExtensibilityGlobals) = postSolution
		SolutionGuid = {68D81BC3-D2EC-4D8F-8398-CB830CCF956A}
	EndGlobalSection
EndGlobal
